
Microsoft Visual Studio Solution File, Format Version 12.00
# Visual Studio Version 17
VisualStudioVersion = 17.1.31903.286
MinimumVisualStudioVersion = 10.0.40219.1
Project("{2150E333-8FDC-42A3-9474-1A3956D46DE8}") = "src", "src", "{8254B3B5-2CD3-47DC-A5C2-480D62709718}"
EndProject
Project("{9A19103F-16F7-4668-BE54-9A1E7A4F7556}") = "My.DDD", "src\My.DDD\My.DDD.csproj", "{03DB7676-6624-4020-AC30-EA878A39C1C5}"
EndProject
Project("{9A19103F-16F7-4668-BE54-9A1E7A4F7556}") = "My.DDD.Tests", "src\My.DDD.Tests\My.DDD.Tests.csproj", "{F320172C-8585-4C40-AB93-573E5C83743A}"
EndProject
Project("{2150E333-8FDC-42A3-9474-1A3956D46DE8}") = "Solution Items", "Solution Items", "{B54D4CCB-9200-455C-AFF0-33F7D0F83C94}"
	ProjectSection(SolutionItems) = preProject
		readme.md = readme.md
	EndProjectSection
EndProject
Global
	GlobalSection(SolutionConfigurationPlatforms) = preSolution
		Debug|Any CPU = Debug|Any CPU
		Release|Any CPU = Release|Any CPU
	EndGlobalSection
	GlobalSection(ProjectConfigurationPlatforms) = postSolution
		{03DB7676-6624-4020-AC30-EA878A39C1C5}.Debug|Any CPU.ActiveCfg = Debug|Any CPU
		{03DB7676-6624-4020-AC30-EA878A39C1C5}.Debug|Any CPU.Build.0 = Debug|Any CPU
		{03DB7676-6624-4020-AC30-EA878A39C1C5}.Release|Any CPU.ActiveCfg = Release|Any CPU
		{03DB7676-6624-4020-AC30-EA878A39C1C5}.Release|Any CPU.Build.0 = Release|Any CPU
		{F320172C-8585-4C40-AB93-573E5C83743A}.Debug|Any CPU.ActiveCfg = Debug|Any CPU
		{F320172C-8585-4C40-AB93-573E5C83743A}.Debug|Any CPU.Build.0 = Debug|Any CPU
		{F320172C-8585-4C40-AB93-573E5C83743A}.Release|Any CPU.ActiveCfg = Release|Any CPU
		{F320172C-8585-4C40-AB93-573E5C83743A}.Release|Any CPU.Build.0 = Release|Any CPU
	EndGlobalSection
	GlobalSection(SolutionProperties) = preSolution
		HideSolutionNode = FALSE
	EndGlobalSection
	GlobalSection(NestedProjects) = preSolution
		{03DB7676-6624-4020-AC30-EA878A39C1C5} = {8254B3B5-2CD3-47DC-A5C2-480D62709718}
		{F320172C-8585-4C40-AB93-573E5C83743A} = {8254B3B5-2CD3-47DC-A5C2-480D62709718}
	EndGlobalSection
	GlobalSection(ExtensibilityGlobals) = postSolution
		SolutionGuid = {358F9272-27E5-4030-B3FA-71B68FAD0E5B}
	EndGlobalSection
EndGlobal
